// !$*UTF8*$!
{
	archiveVersion = 1;
	classes = {
	};
	objectVersion = 46;
	objects = {

/* Begin PBXBuildFile section */
		101EFF1F1700ACCA00D39FA7 /* UIKit.framework in Frameworks */ = {isa = PBXBuildFile; fileRef = 101EFF1E1700ACCA00D39FA7 /* UIKit.framework */; };
		101EFF211700ACCA00D39FA7 /* Foundation.framework in Frameworks */ = {isa = PBXBuildFile; fileRef = 101EFF201700ACCA00D39FA7 /* Foundation.framework */; };
		101EFF231700ACCA00D39FA7 /* CoreGraphics.framework in Frameworks */ = {isa = PBXBuildFile; fileRef = 101EFF221700ACCA00D39FA7 /* CoreGraphics.framework */; };
		101EFF291700ACCA00D39FA7 /* InfoPlist.strings in Resources */ = {isa = PBXBuildFile; fileRef = 101EFF271700ACCA00D39FA7 /* InfoPlist.strings */; };
		101EFF2B1700ACCA00D39FA7 /* main.m in Sources */ = {isa = PBXBuildFile; fileRef = 101EFF2A1700ACCA00D39FA7 /* main.m */; };
		101EFF2F1700ACCA00D39FA7 /* AppDelegate.m in Sources */ = {isa = PBXBuildFile; fileRef = 101EFF2E1700ACCA00D39FA7 /* AppDelegate.m */; };
		101EFF311700ACCA00D39FA7 /* Default.png in Resources */ = {isa = PBXBuildFile; fileRef = 101EFF301700ACCA00D39FA7 /* Default.png */; };
		101EFF331700ACCA00D39FA7 /* Default@2x.png in Resources */ = {isa = PBXBuildFile; fileRef = 101EFF321700ACCA00D39FA7 /* Default@2x.png */; };
		101EFF351700ACCA00D39FA7 /* Default-568h@2x.png in Resources */ = {isa = PBXBuildFile; fileRef = 101EFF341700ACCA00D39FA7 /* Default-568h@2x.png */; };
		5A0FEBD61702E3DD0015DD9C /* MViewControllerB.m in Sources */ = {isa = PBXBuildFile; fileRef = 5A0FEBD51702E3DD0015DD9C /* MViewControllerB.m */; };
		5A631D8A17018ED20054C84C /* background.png in Resources */ = {isa = PBXBuildFile; fileRef = 5A631D8917018ED20054C84C /* background.png */; };
		5A631D8C170193220054C84C /* logoImage.png in Resources */ = {isa = PBXBuildFile; fileRef = 5A631D8B170193220054C84C /* logoImage.png */; };
		5AFB90C11701480100299427 /* MViewControllerA.m in Sources */ = {isa = PBXBuildFile; fileRef = 5AFB90C01701480100299427 /* MViewControllerA.m */; };
/* End PBXBuildFile section */

/* Begin PBXFileReference section */
		101EFF1B1700ACCA00D39FA7 /* TYapps.app */ = {isa = PBXFileReference; explicitFileType = wrapper.application; includeInIndex = 0; path = TYapps.app; sourceTree = BUILT_PRODUCTS_DIR; };
		101EFF1E1700ACCA00D39FA7 /* UIKit.framework */ = {isa = PBXFileReference; lastKnownFileType = wrapper.framework; name = UIKit.framework; path = System/Library/Frameworks/UIKit.framework; sourceTree = SDKROOT; };
		101EFF201700ACCA00D39FA7 /* Foundation.framework */ = {isa = PBXFileReference; lastKnownFileType = wrapper.framework; name = Foundation.framework; path = System/Library/Frameworks/Foundation.framework; sourceTree = SDKROOT; };
		101EFF221700ACCA00D39FA7 /* CoreGraphics.framework */ = {isa = PBXFileReference; lastKnownFileType = wrapper.framework; name = CoreGraphics.framework; path = System/Library/Frameworks/CoreGraphics.framework; sourceTree = SDKROOT; };
		101EFF261700ACCA00D39FA7 /* TYapps-Info.plist */ = {isa = PBXFileReference; lastKnownFileType = text.plist.xml; path = "TYapps-Info.plist"; sourceTree = "<group>"; };
		101EFF281700ACCA00D39FA7 /* en */ = {isa = PBXFileReference; lastKnownFileType = text.plist.strings; name = en; path = en.lproj/InfoPlist.strings; sourceTree = "<group>"; };
		101EFF2A1700ACCA00D39FA7 /* main.m */ = {isa = PBXFileReference; lastKnownFileType = sourcecode.c.objc; path = main.m; sourceTree = "<group>"; };
		101EFF2C1700ACCA00D39FA7 /* TYapps-Prefix.pch */ = {isa = PBXFileReference; lastKnownFileType = sourcecode.c.h; path = "TYapps-Prefix.pch"; sourceTree = "<group>"; };
		101EFF2D1700ACCA00D39FA7 /* AppDelegate.h */ = {isa = PBXFileReference; lastKnownFileType = sourcecode.c.h; path = AppDelegate.h; sourceTree = "<group>"; };
		101EFF2E1700ACCA00D39FA7 /* AppDelegate.m */ = {isa = PBXFileReference; lastKnownFileType = sourcecode.c.objc; path = AppDelegate.m; sourceTree = "<group>"; };
		101EFF301700ACCA00D39FA7 /* Default.png */ = {isa = PBXFileReference; lastKnownFileType = image.png; path = Default.png; sourceTree = "<group>"; };
		101EFF321700ACCA00D39FA7 /* Default@2x.png */ = {isa = PBXFileReference; lastKnownFileType = image.png; path = "Default@2x.png"; sourceTree = "<group>"; };
		101EFF341700ACCA00D39FA7 /* Default-568h@2x.png */ = {isa = PBXFileReference; lastKnownFileType = image.png; path = "Default-568h@2x.png"; sourceTree = "<group>"; };
		5A0FEBD41702E3DD0015DD9C /* MViewControllerB.h */ = {isa = PBXFileReference; fileEncoding = 4; lastKnownFileType = sourcecode.c.h; path = MViewControllerB.h; sourceTree = "<group>"; };
		5A0FEBD51702E3DD0015DD9C /* MViewControllerB.m */ = {isa = PBXFileReference; fileEncoding = 4; lastKnownFileType = sourcecode.c.objc; path = MViewControllerB.m; sourceTree = "<group>"; };
		5A631D8917018ED20054C84C /* background.png */ = {isa = PBXFileReference; lastKnownFileType = image.png; path = background.png; sourceTree = "<group>"; };
		5A631D8B170193220054C84C /* logoImage.png */ = {isa = PBXFileReference; lastKnownFileType = image.png; path = logoImage.png; sourceTree = "<group>"; };
		5AFB90BF1701480100299427 /* MViewControllerA.h */ = {isa = PBXFileReference; fileEncoding = 4; lastKnownFileType = sourcecode.c.h; path = MViewControllerA.h; sourceTree = "<group>"; };
		5AFB90C01701480100299427 /* MViewControllerA.m */ = {isa = PBXFileReference; fileEncoding = 4; lastKnownFileType = sourcecode.c.objc; path = MViewControllerA.m; sourceTree = "<group>"; };
/* End PBXFileReference section */

/* Begin PBXFrameworksBuildPhase section */
		101EFF181700ACCA00D39FA7 /* Frameworks */ = {
			isa = PBXFrameworksBuildPhase;
			buildActionMask = 2147483647;
			files = (
				101EFF1F1700ACCA00D39FA7 /* UIKit.framework in Frameworks */,
				101EFF211700ACCA00D39FA7 /* Foundation.framework in Frameworks */,
				101EFF231700ACCA00D39FA7 /* CoreGraphics.framework in Frameworks */,
			);
			runOnlyForDeploymentPostprocessing = 0;
		};
/* End PBXFrameworksBuildPhase section */

/* Begin PBXGroup section */
		101EFF121700ACCA00D39FA7 = {
			isa = PBXGroup;
			children = (
				5A631D8817018D610054C84C /* Resources */,
				101EFF241700ACCA00D39FA7 /* TYapps */,
				101EFF1D1700ACCA00D39FA7 /* Frameworks */,
				101EFF1C1700ACCA00D39FA7 /* Products */,
			);
			sourceTree = "<group>";
		};
		101EFF1C1700ACCA00D39FA7 /* Products */ = {
			isa = PBXGroup;
			children = (
				101EFF1B1700ACCA00D39FA7 /* TYapps.app */,
			);
			name = Products;
			sourceTree = "<group>";
		};
		101EFF1D1700ACCA00D39FA7 /* Frameworks */ = {
			isa = PBXGroup;
			children = (
				101EFF1E1700ACCA00D39FA7 /* UIKit.framework */,
				101EFF201700ACCA00D39FA7 /* Foundation.framework */,
				101EFF221700ACCA00D39FA7 /* CoreGraphics.framework */,
			);
			name = Frameworks;
			sourceTree = "<group>";
		};
		101EFF241700ACCA00D39FA7 /* TYapps */ = {
			isa = PBXGroup;
			children = (
				101EFF2D1700ACCA00D39FA7 /* AppDelegate.h */,
				101EFF2E1700ACCA00D39FA7 /* AppDelegate.m */,
				101EFF251700ACCA00D39FA7 /* Supporting Files */,
				5AFB90BF1701480100299427 /* MViewControllerA.h */,
				5AFB90C01701480100299427 /* MViewControllerA.m */,
				5A0FEBD41702E3DD0015DD9C /* MViewControllerB.h */,
				5A0FEBD51702E3DD0015DD9C /* MViewControllerB.m */,
			);
			path = TYapps;
			sourceTree = "<group>";
		};
		101EFF251700ACCA00D39FA7 /* Supporting Files */ = {
			isa = PBXGroup;
			children = (
				101EFF261700ACCA00D39FA7 /* TYapps-Info.plist */,
				101EFF271700ACCA00D39FA7 /* InfoPlist.strings */,
				101EFF2A1700ACCA00D39FA7 /* main.m */,
				101EFF2C1700ACCA00D39FA7 /* TYapps-Prefix.pch */,
				101EFF301700ACCA00D39FA7 /* Default.png */,
				101EFF321700ACCA00D39FA7 /* Default@2x.png */,
				101EFF341700ACCA00D39FA7 /* Default-568h@2x.png */,
			);
			name = "Supporting Files";
			sourceTree = "<group>";
		};
		5A631D8817018D610054C84C /* Resources */ = {
			isa = PBXGroup;
			children = (
				5A631D8917018ED20054C84C /* background.png */,
				5A631D8B170193220054C84C /* logoImage.png */,
			);
			path = Resources;
			sourceTree = "<group>";
		};
/* End PBXGroup section */

/* Begin PBXNativeTarget section */
		101EFF1A1700ACCA00D39FA7 /* TYapps */ = {
			isa = PBXNativeTarget;
			buildConfigurationList = 101EFF381700ACCA00D39FA7 /* Build configuration list for PBXNativeTarget "TYapps" */;
			buildPhases = (
				101EFF171700ACCA00D39FA7 /* Sources */,
				101EFF181700ACCA00D39FA7 /* Frameworks */,
				101EFF191700ACCA00D39FA7 /* Resources */,
			);
			buildRules = (
			);
			dependencies = (
			);
			name = TYapps;
			productName = TYapps;
			productReference = 101EFF1B1700ACCA00D39FA7 /* TYapps.app */;
			productType = "com.apple.product-type.application";
		};
/* End PBXNativeTarget section */

/* Begin PBXProject section */
		101EFF131700ACCA00D39FA7 /* Project object */ = {
			isa = PBXProject;
			attributes = {
				LastUpgradeCheck = 0460;
				ORGANIZATIONNAME = yamatomo;
			};
			buildConfigurationList = 101EFF161700ACCA00D39FA7 /* Build configuration list for PBXProject "TYapps" */;
			compatibilityVersion = "Xcode 3.2";
			developmentRegion = English;
			hasScannedForEncodings = 0;
			knownRegions = (
				en,
			);
			mainGroup = 101EFF121700ACCA00D39FA7;
			productRefGroup = 101EFF1C1700ACCA00D39FA7 /* Products */;
			projectDirPath = "";
			projectRoot = "";
			targets = (
				101EFF1A1700ACCA00D39FA7 /* TYapps */,
			);
		};
/* End PBXProject section */

/* Begin PBXResourcesBuildPhase section */
		101EFF191700ACCA00D39FA7 /* Resources */ = {
			isa = PBXResourcesBuildPhase;
			buildActionMask = 2147483647;
			files = (
				101EFF291700ACCA00D39FA7 /* InfoPlist.strings in Resources */,
				101EFF311700ACCA00D39FA7 /* Default.png in Resources */,
				101EFF331700ACCA00D39FA7 /* Default@2x.png in Resources */,
				101EFF351700ACCA00D39FA7 /* Default-568h@2x.png in Resources */,
				5A631D8A17018ED20054C84C /* background.png in Resources */,
				5A631D8C170193220054C84C /* logoImage.png in Resources */,
			);
			runOnlyForDeploymentPostprocessing = 0;
		};
/* End PBXResourcesBuildPhase section */

/* Begin PBXSourcesBuildPhase section */
		101EFF171700ACCA00D39FA7 /* Sources */ = {
			isa = PBXSourcesBuildPhase;
			buildActionMask = 2147483647;
			files = (
				101EFF2B1700ACCA00D39FA7 /* main.m in Sources */,
				101EFF2F1700ACCA00D39FA7 /* AppDelegate.m in Sources */,
				5AFB90C11701480100299427 /* MViewControllerA.m in Sources */,
				5A0FEBD61702E3DD0015DD9C /* MViewControllerB.m in Sources */,
			);
			runOnlyForDeploymentPostprocessing = 0;
		};
/* End PBXSourcesBuildPhase section */

/* Begin PBXVariantGroup section */
		101EFF271700ACCA00D39FA7 /* InfoPlist.strings */ = {
			isa = PBXVariantGroup;
			children = (
				101EFF281700ACCA00D39FA7 /* en */,
			);
			name = InfoPlist.strings;
			sourceTree = "<group>";
		};
/* End PBXVariantGroup section */

/* Begin XCBuildConfiguration section */
		101EFF361700ACCA00D39FA7 /* Debug */ = {
			isa = XCBuildConfiguration;
			buildSettings = {
				ALWAYS_SEARCH_USER_PATHS = NO;
				CLANG_CXX_LANGUAGE_STANDARD = "gnu++0x";
				CLANG_CXX_LIBRARY = "libc++";
				CLANG_WARN_CONSTANT_CONVERSION = YES;
				CLANG_WARN_EMPTY_BODY = YES;
				CLANG_WARN_ENUM_CONVERSION = YES;
				CLANG_WARN_INT_CONVERSION = YES;
				CLANG_WARN__DUPLICATE_METHOD_MATCH = YES;
				"CODE_SIGN_IDENTITY[sdk=iphoneos*]" = "iPhone Developer";
				COPY_PHASE_STRIP = NO;
				GCC_C_LANGUAGE_STANDARD = gnu99;
				GCC_DYNAMIC_NO_PIC = NO;
				GCC_OPTIMIZATION_LEVEL = 0;
				GCC_PREPROCESSOR_DEFINITIONS = (
					"DEBUG=1",
					"$(inherited)",
				);
				GCC_SYMBOLS_PRIVATE_EXTERN = NO;
				GCC_WARN_ABOUT_RETURN_TYPE = YES;
				GCC_WARN_UNINITIALIZED_AUTOS = YES;
				GCC_WARN_UNUSED_VARIABLE = YES;
				IPHONEOS_DEPLOYMENT_TARGET = 6.1;
				ONLY_ACTIVE_ARCH = YES;
				SDKROOT = iphoneos;
				TARGETED_DEVICE_FAMILY = "1,2";
			};
			name = Debug;
		};
		101EFF371700ACCA00D39FA7 /* Release */ = {
			isa = XCBuildConfiguration;
			buildSettings = {
				ALWAYS_SEARCH_USER_PATHS = NO;
				CLANG_CXX_LANGUAGE_STANDARD = "gnu++0x";
				CLANG_CXX_LIBRARY = "libc++";
				CLANG_WARN_CONSTANT_CONVERSION = YES;
				CLANG_WARN_EMPTY_BODY = YES;
				CLANG_WARN_ENUM_CONVERSION = YES;
				CLANG_WARN_INT_CONVERSION = YES;
				CLANG_WARN__DUPLICATE_METHOD_MATCH = YES;
				"CODE_SIGN_IDENTITY[sdk=iphoneos*]" = "iPhone Developer";
				COPY_PHASE_STRIP = YES;
				GCC_C_LANGUAGE_STANDARD = gnu99;
				GCC_WARN_ABOUT_RETURN_TYPE = YES;
				GCC_WARN_UNINITIALIZED_AUTOS = YES;
				GCC_WARN_UNUSED_VARIABLE = YES;
				IPHONEOS_DEPLOYMENT_TARGET = 6.1;
				OTHER_CFLAGS = "-DNS_BLOCK_ASSERTIONS=1";
				SDKROOT = iphoneos;
				TARGETED_DEVICE_FAMILY = "1,2";
				VALIDATE_PRODUCT = YES;
			};
			name = Release;
		};
		101EFF391700ACCA00D39FA7 /* Debug */ = {
			isa = XCBuildConfiguration;
			buildSettings = {
				GCC_PRECOMPILE_PREFIX_HEADER = YES;
				GCC_PREFIX_HEADER = "TYapps/TYapps-Prefix.pch";
				INFOPLIST_FILE = "TYapps/TYapps-Info.plist";
				PRODUCT_NAME = "$(TARGET_NAME)";
				WRAPPER_EXTENSION = app;
			};
			name = Debug;
		};
		101EFF3A1700ACCA00D39FA7 /* Release */ = {
			isa = XCBuildConfiguration;
			buildSettings = {
				GCC_PRECOMPILE_PREFIX_HEADER = YES;
				GCC_PREFIX_HEADER = "TYapps/TYapps-Prefix.pch";
				INFOPLIST_FILE = "TYapps/TYapps-Info.plist";
				PRODUCT_NAME = "$(TARGET_NAME)";
				WRAPPER_EXTENSION = app;
			};
			name = Release;
		};
/* End XCBuildConfiguration section */

/* Begin XCConfigurationList section */
		101EFF161700ACCA00D39FA7 /* Build configuration list for PBXProject "TYapps" */ = {
			isa = XCConfigurationList;
			buildConfigurations = (
				101EFF361700ACCA00D39FA7 /* Debug */,
				101EFF371700ACCA00D39FA7 /* Release */,
			);
			defaultConfigurationIsVisible = 0;
			defaultConfigurationName = Release;
		};
		101EFF381700ACCA00D39FA7 /* Build configuration list for PBXNativeTarget "TYapps" */ = {
			isa = XCConfigurationList;
			buildConfigurations = (
				101EFF391700ACCA00D39FA7 /* Debug */,
				101EFF3A1700ACCA00D39FA7 /* Release */,
			);
			defaultConfigurationIsVisible = 0;
			defaultConfigurationName = Release;
		};
/* End XCConfigurationList section */
	};
	rootObject = 101EFF131700ACCA00D39FA7 /* Project object */;
}
